
Microsoft Visual Studio Solution File, Format Version 12.00
# Visual Studio 2015
Project("{FAE04EC0-301F-11D3-BF4B-00C04F79EFBC}") = "Paint Man", "Paint Man.csproj", "{1C093DCD-5170-6B6B-452A-3EE14E9E7364}"
EndProject
Global
	GlobalSection(SolutionConfigurationPlatforms) = preSolution
		Debug|Any CPU = Debug|Any CPU
		Release|Any CPU = Release|Any CPU
	EndGlobalSection
	GlobalSection(ProjectConfigurationPlatforms) = postSolution
		{1C093DCD-5170-6B6B-452A-3EE14E9E7364}.Debug|Any CPU.ActiveCfg = Debug|Any CPU
		{1C093DCD-5170-6B6B-452A-3EE14E9E7364}.Debug|Any CPU.Build.0 = Debug|Any CPU
		{1C093DCD-5170-6B6B-452A-3EE14E9E7364}.Release|Any CPU.ActiveCfg = Release|Any CPU
		{1C093DCD-5170-6B6B-452A-3EE14E9E7364}.Release|Any CPU.Build.0 = Release|Any CPU
	EndGlobalSection
	GlobalSection(SolutionProperties) = preSolution
		HideSolutionNode = FALSE
	EndGlobalSection
EndGlobal
